
Microsoft Visual Studio Solution File, Format Version 12.00
# Visual Studio Version 16
VisualStudioVersion = 16.0.31205.134
MinimumVisualStudioVersion = 10.0.40219.1
Project("{FAE04EC0-301F-11D3-BF4B-00C04F79EFBC}") = "Hospital", "Hospital\Hospital.csproj", "{9771F86F-5BA9-4CDB-9919-F8D1F5680FD1}"
EndProject
Project("{FAE04EC0-301F-11D3-BF4B-00C04F79EFBC}") = "Model", "Model\Model.csproj", "{AD5750C9-DD08-4025-B1E6-13FAFF879283}"
EndProject
Global
	GlobalSection(SolutionConfigurationPlatforms) = preSolution
		Debug|Any CPU = Debug|Any CPU
		Release|Any CPU = Release|Any CPU
	EndGlobalSection
	GlobalSection(ProjectConfigurationPlatforms) = postSolution
		{9771F86F-5BA9-4CDB-9919-F8D1F5680FD1}.Debug|Any CPU.ActiveCfg = Debug|Any CPU
		{9771F86F-5BA9-4CDB-9919-F8D1F5680FD1}.Debug|Any CPU.Build.0 = Debug|Any CPU
		{9771F86F-5BA9-4CDB-9919-F8D1F5680FD1}.Release|Any CPU.ActiveCfg = Release|Any CPU
		{9771F86F-5BA9-4CDB-9919-F8D1F5680FD1}.Release|Any CPU.Build.0 = Release|Any CPU
		{AD5750C9-DD08-4025-B1E6-13FAFF879283}.Debug|Any CPU.ActiveCfg = Debug|Any CPU
		{AD5750C9-DD08-4025-B1E6-13FAFF879283}.Debug|Any CPU.Build.0 = Debug|Any CPU
		{AD5750C9-DD08-4025-B1E6-13FAFF879283}.Release|Any CPU.ActiveCfg = Release|Any CPU
		{AD5750C9-DD08-4025-B1E6-13FAFF879283}.Release|Any CPU.Build.0 = Release|Any CPU
	EndGlobalSection
	GlobalSection(SolutionProperties) = preSolution
		HideSolutionNode = FALSE
	EndGlobalSection
	GlobalSection(ExtensibilityGlobals) = postSolution
		SolutionGuid = {9BAAF6F8-B25F-4E32-A43F-87312D0C03FA}
	EndGlobalSection
EndGlobal
